{
    "_meta": {
        "hash": {
            "sha256": "ecb52173086c3174327bc173e3236be7a7960d095299b7b8f41ce86ce11cbbd5"
        },
        "pipfile-spec": 6,
        "requires": {
            "python_version": "3.11"
        },
        "sources": [
            {
                "name": "pypi",
                "url": "https://pypi.org/simple",
                "verify_ssl": true
            }
        ]
    },
    "default": {
        "asgiref": {
            "hashes": [
                "sha256:1d2880b792ae8757289136f1db2b7b99100ce959b2aa57fd69dab783d05afac4",
                "sha256:4a29362a6acebe09bf1d6640db38c1dc3d9217c68e6f9f6204d72667fc19a424"
            ],
            "index": "pypi",
            "version": "==3.5.2"
        },
        "babel": {
            "hashes": [
                "sha256:3f349e85ad3154559ac4930c3918247d319f21910d5ce4b25d439ed8693b98d2",
                "sha256:98aeaca086133efb3e1e2aad0396987490c8425929ddbcfe0550184fdc54cd13"
            ],
            "index": "pypi",
            "version": "==2.10.1"
        },
        "backports.zoneinfo": {
            "hashes": [
                "sha256:17746bd546106fa389c51dbea67c8b7c8f0d14b5526a579ca6ccf5ed72c526cf",
                "sha256:1b13e654a55cd45672cb54ed12148cd33628f672548f373963b0bff67b217328",
                "sha256:1c5742112073a563c81f786e77514969acb58649bcdf6cdf0b4ed31a348d4546",
                "sha256:4a0f800587060bf8880f954dbef70de6c11bbe59c673c3d818921f042f9954a6",
                "sha256:5c144945a7752ca544b4b78c8c41544cdfaf9786f25fe5ffb10e838e19a27570",
                "sha256:7b0a64cda4145548fed9efc10322770f929b944ce5cee6c0dfe0c87bf4c0c8c9",
                "sha256:8439c030a11780786a2002261569bdf362264f605dfa4d65090b64b05c9f79a7",
                "sha256:8961c0f32cd0336fb8e8ead11a1f8cd99ec07145ec2931122faaac1c8f7fd987",
                "sha256:89a48c0d158a3cc3f654da4c2de1ceba85263fafb861b98b59040a5086259722",
                "sha256:a76b38c52400b762e48131494ba26be363491ac4f9a04c1b7e92483d169f6582",
                "sha256:da6013fd84a690242c310d77ddb8441a559e9cb3d3d59ebac9aca1a57b2e18bc",
                "sha256:e55b384612d93be96506932a786bbcde5a2db7a9e6a4bb4bffe8b733f5b9036b",
                "sha256:e81b76cace8eda1fca50e345242ba977f9be6ae3945af8d46326d776b4cf78d1",
                "sha256:e8236383a20872c0cdf5a62b554b27538db7fa1bbec52429d8d106effbaeca08",
                "sha256:f04e857b59d9d1ccc39ce2da1021d196e47234873820cbeaad210724b1ee28ac",
                "sha256:fadbfe37f74051d024037f223b8e001611eac868b5c5b06144ef4d8b799862f2"
            ],
            "index": "pypi",
            "version": "==0.2.1"
        },
        "bleach": {
            "hashes": [
                "sha256:08a1fe86d253b5c88c92cc3d810fd8048a16d15762e1e5b74d502256e5926aa1",
                "sha256:c6d6cc054bdc9c83b48b8083e236e5f00f238428666d2ce2e083eaa5fd568565"
            ],
            "index": "pypi",
            "version": "==5.0.0"
        },
        "boto3": {
            "hashes": [
                "sha256:3b50b49c5c0d3f19406cfbcefa32467c199cd6537d80f6fd04f18588670bdeeb",
                "sha256:4e3ef99d211266175a97b35d78103c31e3d01af31fd02bf599185421e5873fc0"
            ],
            "index": "pypi",
            "version": "==1.23.1"
        },
        "botocore": {
            "hashes": [
                "sha256:598304f20df607944c6db3870e005f2775230ec4558c8280d870f861a8003632",
                "sha256:a805cbd8e79b64da0f719869b6b4c698cf5db7991b1aa412b086b25fb2892795"
            ],
            "index": "pypi",
            "version": "==1.26.1"
        },
        "certifi": {
            "hashes": [
                "sha256:78884e7c1d4b00ce3cea67b44566851c4343c120abd683433ce934a68ea58872",
                "sha256:d62a0163eb4c2344ac042ab2bdf75399a71a2d8c7d47eac2e2ee91b9d6339569"
            ],
            "index": "pypi",
            "version": "==2021.10.8"
        },
        "chardet": {
            "hashes": [
                "sha256:84ab92ed1c4d4f16916e05906b6b75a6c0fb5db821cc65e70cbd64a3e2a5eaae",
                "sha256:fc323ffcaeaed0e0a02bf4d117757b98aed530d9ed4531e3e15460124c106691"
            ],
            "index": "pypi",
            "version": "==3.0.4"
        },
        "charset-normalizer": {
            "hashes": [
                "sha256:2857e29ff0d34db842cd7ca3230549d1a697f96ee6d3fb071cfa6c7393832597",
                "sha256:6881edbebdb17b39b4eaaa821b438bf6eddffb4468cf344f09f89def34a8b1df"
            ],
            "index": "pypi",
            "version": "==2.0.12"
        },
        "cloudinary": {
            "hashes": [
                "sha256:f436ef3ddb2b3989199afaf82bc50655b187bf1ae98c4bf0bb3eb63055953466"
            ],
            "index": "pypi",
            "version": "==1.29.0"
        },
        "defusedxml": {
            "hashes": [
                "sha256:6687150770438374ab581bb7a1b327a847dd9c5749e396102de3fad4e8a3ef93",
                "sha256:f684034d135af4c6cbb949b8a4d2ed61634515257a67299e5f940fbaa34377f5"
            ],
            "index": "pypi",
            "version": "==0.6.0"
        },
        "diff-match-patch": {
            "hashes": [
                "sha256:8bf9d9c4e059d917b5c6312bac0c137971a32815ddbda9c682b949f2986b4d34",
                "sha256:da6f5a01aa586df23dfc89f3827e1cafbb5420be9d87769eeb079ddfd9477a18"
            ],
            "index": "pypi",
            "version": "==20200713"
        },
        "dj3-cloudinary-storage": {
            "hashes": [
                "sha256:176632ce59aefad354f558c7d1672f37ac356c4c11d2928256ea854752e481d5",
                "sha256:bc2d7087abc71e17a6028d60d8f65adfc865cbd9372bf6813ee61e3ad6fead66"
            ],
            "index": "pypi",
            "version": "==0.0.6"
        },
        "django": {
            "hashes": [
                "sha256:0604e84c4fb698a5e53e5857b5aea945b2f19a18f25f10b8748dbdf935788927",
                "sha256:21f0f9643722675976004eb683c55d33c05486f94506672df3d6a141546f389d"
            ],
            "index": "pypi",
            "version": "==3.2"
        },
        "django-appconf": {
            "hashes": [
                "sha256:ae9f864ee1958c815a965ed63b3fba4874eec13de10236ba063a788f9a17389d",
                "sha256:be3db0be6c81fa84742000b89a81c016d70ae66a7ccb620cdef592b1f1a6aaa4"
            ],
            "index": "pypi",
            "version": "==1.0.5"
        },
        "django-crispy-forms": {
            "hashes": [
                "sha256:35887b8851a931374dd697207a8f56c57a9c5cb9dbf0b9fa54314da5666cea5b",
                "sha256:bc4d2037f6de602d39c0bc452ac3029d1f5d65e88458872cc4dbc01c3a400604"
            ],
            "index": "pypi",
            "version": "==1.14.0"
        },
        "django-debug-toolbar": {
            "hashes": [
                "sha256:42c1c2e9dc05bb57b53d641e3a6d131fc031b92377b34ae32e604a1fe439bb83",
                "sha256:ae6bec2c1ce0e6900b0ab0443e1427eb233d8e6f57a84a0b2705eeecb8874e22"
            ],
            "index": "pypi",
            "version": "==3.4.0"
        },
        "django-donations": {
            "hashes": [
                "sha256:bbeba6b682b3bed23dce9f90e45afed8fecaabcf3adfb0d928815d28b6175c9a",
                "sha256:fa8c0077fb1e533df9126993c331834d5affbffcbb2d0e322cfc90d1e4a4cd34"
            ],
            "index": "pypi",
            "version": "==1.2.0"
        },
        "django-imagefit": {
            "hashes": [
                "sha256:de95f706f7c2fdb4f23182d837719be9b3bb3f70d8163feba1c41db93669686e"
            ],
            "index": "pypi",
            "version": "==0.6.2"
        },
        "django-import-export": {
            "hashes": [
                "sha256:401d76eca0a5c6cf43bffed16c06e509b9044ce8f6bcff264b776e3952830f1a",
                "sha256:7610f6efff797d65f56c03ba34444507c0b0ccdffe9346c168b9894fc349c55e"
            ],
            "index": "pypi",
            "version": "==2.4.0"
        },
        "django-money": {
            "hashes": [
                "sha256:4d06041fac5c565ad049a7f8fb4bc33de5c68047b0693efa18a9931cebffb606",
                "sha256:60a605d5b999e1756a18008dd7e0c5a860fd64c018a140c7a7675a4209ec3782"
            ],
            "index": "pypi",
            "version": "==2.1.1"
        },
        "django-recaptcha": {
            "hashes": [
                "sha256:1aed69fd6ac8fd9e99e52665392ae6748f8b6339ace656fad779fe0c6c915a52",
                "sha256:253197051288923cae675d7eff91b619e3775311292a5dbaf27a8a55ffebc670"
            ],
            "index": "pypi",
            "version": "==3.0.0"
        },
        "django-storages": {
            "hashes": [
                "sha256:12de8fb2605b9b57bfaf54b075280d7cbb3b3ee1ca4bc9b9add147af87fe3a2c",
                "sha256:652275ab7844538c462b62810276c0244866f345878256a9e0e86f5b1283ae18"
            ],
            "index": "pypi",
            "version": "==1.10.1"
        },
        "django-summernote": {
            "hashes": [
                "sha256:52e9b12438ed9eac0d77729f758f2aae06e468b5cbce133e24100d58ae4e43a8"
            ],
            "index": "pypi",
            "version": "==0.8.20.0"
        },
        "djangorestframework": {
            "hashes": [
                "sha256:0c33407ce23acc68eca2a6e46424b008c9c02eceb8cf18581921d0092bc1f2ee",
                "sha256:24c4bf58ed7e85d1fe4ba250ab2da926d263cd57d64b03e8dcef0ac683f8b1aa"
            ],
            "index": "pypi",
            "version": "==3.13.1"
        },
        "et-xmlfile": {
            "hashes": [
                "sha256:614d9722d572f6246302c4491846d2c393c199cfa4edc9af593437691683335b"
            ],
            "index": "pypi",
            "version": "==1.0.1"
        },
        "idna": {
            "hashes": [
                "sha256:84d9dd047ffa80596e0f246e2eab0b391788b0503584e8945f2368256d2735ff",
                "sha256:9d643ff0a55b762d5cdb124b8eaa99c66322e2157b69160bc32796e824360e6d"
            ],
            "index": "pypi",
            "version": "==3.3"
        },
        "jdcal": {
            "hashes": [
                "sha256:1abf1305fce18b4e8aa248cf8fe0c56ce2032392bc64bbd61b5dff2a19ec8bba",
                "sha256:472872e096eb8df219c23f2689fc336668bdb43d194094b5cc1707e1640acfc8"
            ],
            "index": "pypi",
            "version": "==1.4.1"
        },
        "jmespath": {
            "hashes": [
                "sha256:a490e280edd1f57d6de88636992d05b71e97d69a26a19f058ecf7d304474bf5e",
                "sha256:e8dcd576ed616f14ec02eed0005c85973b5890083313860136657e24784e4c04"
            ],
            "index": "pypi",
            "version": "==1.0.0"
        },
        "markuppy": {
            "hashes": [
                "sha256:1adee2c0a542af378fe84548ff6f6b0168f3cb7f426b46961038a2bcfaad0d5f"
            ],
            "index": "pypi",
            "version": "==1.14"
        },
        "odfpy": {
            "hashes": [
                "sha256:db766a6e59c5103212f3cc92ec8dd50a0f3a02790233ed0b52148b70d3c438ec",
                "sha256:fc3b8d1bc098eba4a0fda865a76d9d1e577c4ceec771426bcb169a82c5e9dfe0"
            ],
            "index": "pypi",
            "version": "==1.4.1"
        },
        "openpyxl": {
            "hashes": [
                "sha256:18e11f9a650128a12580a58e3daba14e00a11d9e907c554a17ea016bf1a2c71b",
                "sha256:f7d666b569f729257082cf7ddc56262431878f602dcc2bc3980775c59439cdab"
            ],
            "index": "pypi",
            "version": "==3.0.5"
        },
        "pillow": {
            "hashes": [
                "sha256:088df396b047477dd1bbc7de6e22f58400dae2f21310d9e2ec2933b2ef7dfa4f",
                "sha256:09e67ef6e430f90caa093528bd758b0616f8165e57ed8d8ce014ae32df6a831d",
                "sha256:0b4d5ad2cd3a1f0d1df882d926b37dbb2ab6c823ae21d041b46910c8f8cd844b",
                "sha256:0b525a356680022b0af53385944026d3486fc8c013638cf9900eb87c866afb4c",
                "sha256:1d4331aeb12f6b3791911a6da82de72257a99ad99726ed6b63f481c0184b6fb9",
                "sha256:20d514c989fa28e73a5adbddd7a171afa5824710d0ab06d4e1234195d2a2e546",
                "sha256:2b291cab8a888658d72b575a03e340509b6b050b62db1f5539dd5cd18fd50578",
                "sha256:3f6c1716c473ebd1649663bf3b42702d0d53e27af8b64642be0dd3598c761fb1",
                "sha256:42dfefbef90eb67c10c45a73a9bc1599d4dac920f7dfcbf4ec6b80cb620757fe",
                "sha256:488f3383cf5159907d48d32957ac6f9ea85ccdcc296c14eca1a4e396ecc32098",
                "sha256:4d45dbe4b21a9679c3e8b3f7f4f42a45a7d3ddff8a4a16109dff0e1da30a35b2",
                "sha256:53c27bd452e0f1bc4bfed07ceb235663a1df7c74df08e37fd6b03eb89454946a",
                "sha256:55e74faf8359ddda43fee01bffbc5bd99d96ea508d8a08c527099e84eb708f45",
                "sha256:59789a7d06c742e9d13b883d5e3569188c16acb02eeed2510fd3bfdbc1bd1530",
                "sha256:5b650dbbc0969a4e226d98a0b440c2f07a850896aed9266b6fedc0f7e7834108",
                "sha256:66daa16952d5bf0c9d5389c5e9df562922a59bd16d77e2a276e575d32e38afd1",
                "sha256:6e760cf01259a1c0a50f3c845f9cad1af30577fd8b670339b1659c6d0e7a41dd",
                "sha256:7502539939b53d7565f3d11d87c78e7ec900d3c72945d4ee0e2f250d598309a0",
                "sha256:769a7f131a2f43752455cc72f9f7a093c3ff3856bf976c5fb53a59d0ccc704f6",
                "sha256:7c150dbbb4a94ea4825d1e5f2c5501af7141ea95825fadd7829f9b11c97aaf6c",
                "sha256:8844217cdf66eabe39567118f229e275f0727e9195635a15e0e4b9227458daaf",
                "sha256:8a66fe50386162df2da701b3722781cbe90ce043e7d53c1fd6bd801bca6b48d4",
                "sha256:9370d6744d379f2de5d7fa95cdbd3a4d92f0b0ef29609b4b1687f16bc197063d",
                "sha256:937a54e5694684f74dcbf6e24cc453bfc5b33940216ddd8f4cd8f0f79167f765",
                "sha256:9c857532c719fb30fafabd2371ce9b7031812ff3889d75273827633bca0c4602",
                "sha256:a4165205a13b16a29e1ac57efeee6be2dfd5b5408122d59ef2145bc3239fa340",
                "sha256:b3fe2ff1e1715d4475d7e2c3e8dabd7c025f4410f79513b4ff2de3d51ce0fa9c",
                "sha256:b6617221ff08fbd3b7a811950b5c3f9367f6e941b86259843eab77c8e3d2b56b",
                "sha256:b761727ed7d593e49671d1827044b942dd2f4caae6e51bab144d4accf8244a84",
                "sha256:baf3be0b9446a4083cc0c5bb9f9c964034be5374b5bc09757be89f5d2fa247b8",
                "sha256:c17770a62a71718a74b7548098a74cd6880be16bcfff5f937f900ead90ca8e92",
                "sha256:c67db410508b9de9c4694c57ed754b65a460e4812126e87f5052ecf23a011a54",
                "sha256:d78ca526a559fb84faaaf84da2dd4addef5edb109db8b81677c0bb1aad342601",
                "sha256:e9ed59d1b6ee837f4515b9584f3d26cf0388b742a11ecdae0d9237a94505d03a",
                "sha256:f054b020c4d7e9786ae0404278ea318768eb123403b18453e28e47cdb7a0a4bf",
                "sha256:f372d0f08eff1475ef426344efe42493f71f377ec52237bf153c5713de987251",
                "sha256:f3f6a6034140e9e17e9abc175fc7a266a6e63652028e157750bd98e804a8ed9a",
                "sha256:ffde4c6fabb52891d81606411cbfaf77756e3b561b566efd270b3ed3791fde4e"
            ],
            "index": "pypi",
            "version": "==9.1.1"
        },
        "psycopg2": {
            "hashes": [
                "sha256:06f32425949bd5fe8f625c49f17ebb9784e1e4fe928b7cce72edc36fb68e4c0c",
                "sha256:0762c27d018edbcb2d34d51596e4346c983bd27c330218c56c4dc25ef7e819bf",
                "sha256:083707a696e5e1c330af2508d8fab36f9700b26621ccbcb538abe22e15485362",
                "sha256:34b33e0162cfcaad151f249c2649fd1030010c16f4bbc40a604c1cb77173dcf7",
                "sha256:4295093a6ae3434d33ec6baab4ca5512a5082cc43c0505293087b8a46d108461",
                "sha256:8cf3878353cc04b053822896bc4922b194792df9df2f1ad8da01fb3043602126",
                "sha256:8e841d1bf3434da985cc5ef13e6f75c8981ced601fd70cc6bf33351b91562981",
                "sha256:9572e08b50aed176ef6d66f15a21d823bb6f6d23152d35e8451d7d2d18fdac56",
                "sha256:a81e3866f99382dfe8c15a151f1ca5fde5815fde879348fe5a9884a7c092a305",
                "sha256:cb10d44e6694d763fa1078a26f7f6137d69f555a78ec85dc2ef716c37447e4b2",
                "sha256:d3ca6421b942f60c008f81a3541e8faf6865a28d5a9b48544b0ee4f40cac7fca"
            ],
            "index": "pypi",
            "version": "==2.9.3"
        },
        "py-moneyed": {
            "hashes": [
                "sha256:c6131c7b7c1f8503552afe44d15c343ea50282d1d9e6fa8b3f1bd2affc1dae1e",
                "sha256:d745a52819604f42b3666f9b2504b71c27c1645d6d5027d95ec5ed1f28ca86e3"
            ],
            "index": "pypi",
            "version": "==1.2"
        },
        "pycryptodome": {
            "hashes": [
                "sha256:028dcbf62d128b4335b61c9fbb7dd8c376594db607ef36d5721ee659719935d5",
                "sha256:12ef157eb1e01a157ca43eda275fa68f8db0dd2792bc4fe00479ab8f0e6ae075",
                "sha256:2562de213960693b6d657098505fd4493c45f3429304da67efcbeb61f0edfe89",
                "sha256:27e92c1293afcb8d2639baf7eb43f4baada86e4de0f1fb22312bfc989b95dae2",
                "sha256:36e3242c4792e54ed906c53f5d840712793dc68b726ec6baefd8d978c5282d30",
                "sha256:50a5346af703330944bea503106cd50c9c2212174cfcb9939db4deb5305a8367",
                "sha256:53dedbd2a6a0b02924718b520a723e88bcf22e37076191eb9b91b79934fb2192",
                "sha256:69f05aaa90c99ac2f2af72d8d7f185f729721ad7c4be89e9e3d0ab101b0ee875",
                "sha256:75a3a364fee153e77ed889c957f6f94ec6d234b82e7195b117180dcc9fc16f96",
                "sha256:766a8e9832128c70012e0c2b263049506cbf334fb21ff7224e2704102b6ef59e",
                "sha256:7fb90a5000cc9c9ff34b4d99f7f039e9c3477700e309ff234eafca7b7471afc0",
                "sha256:893f32210de74b9f8ac869ed66c97d04e7d351182d6d39ebd3b36d3db8bda65d",
                "sha256:8b5c28058102e2974b9868d72ae5144128485d466ba8739abd674b77971454cc",
                "sha256:924b6aad5386fb54f2645f22658cb0398b1f25bc1e714a6d1522c75d527deaa5",
                "sha256:9924248d6920b59c260adcae3ee231cd5af404ac706ad30aa4cd87051bf09c50",
                "sha256:9ec761a35dbac4a99dcbc5cd557e6e57432ddf3e17af8c3c86b44af9da0189c0",
                "sha256:a36ab51674b014ba03da7f98b675fcb8eabd709a2d8e18219f784aba2db73b72",
                "sha256:aae395f79fa549fb1f6e3dc85cf277f0351e15a22e6547250056c7f0c990d6a5",
                "sha256:c880a98376939165b7dc504559f60abe234b99e294523a273847f9e7756f4132",
                "sha256:ce7a875694cd6ccd8682017a7c06c6483600f151d8916f2b25cf7a439e600263",
                "sha256:d1b7739b68a032ad14c5e51f7e4e1a5f92f3628bba024a2bda1f30c481fc85d8",
                "sha256:dcd65355acba9a1d0fc9b923875da35ed50506e339b35436277703d7ace3e222",
                "sha256:e04e40a7f8c1669195536a37979dd87da2c32dbdc73d6fe35f0077b0c17c803b",
                "sha256:e0c04c41e9ade19fbc0eff6aacea40b831bfcb2c91c266137bcdfd0d7b2f33ba",
                "sha256:e24d4ec4b029611359566c52f31af45c5aecde7ef90bf8f31620fd44c438efe7",
                "sha256:e64738207a02a83590df35f59d708bf1e7ea0d6adce712a777be2967e5f7043c",
                "sha256:ea56a35fd0d13121417d39a83f291017551fa2c62d6daa6b04af6ece7ed30d84",
                "sha256:f2772af1c3ef8025c85335f8b828d0193fa1e43256621f613280e2c81bfad423",
                "sha256:f403a3e297a59d94121cb3ee4b1cf41f844332940a62d71f9e4a009cc3533493",
                "sha256:f572a3ff7b6029dd9b904d6be4e0ce9e309dcb847b03e3ac8698d9d23bb36525"
            ],
            "index": "pypi",
            "version": "==3.14.1"
        },
        "python-dateutil": {
            "hashes": [
                "sha256:0123cacc1627ae19ddf3c27a5de5bd67ee4586fbdd6440d9748f8abb483d3e86",
                "sha256:961d03dc3453ebbc59dbdea9e4e11c5651520a876d0f4db161e8674aae935da9"
            ],
            "index": "pypi",
            "version": "==2.8.2"
        },
        "python-decouple": {
            "hashes": [
                "sha256:2838cdf77a5cf127d7e8b339ce14c25bceb3af3e674e039d4901ba16359968c7",
                "sha256:6cf502dc963a5c642ea5ead069847df3d916a6420cad5599185de6bab11d8c2e"
            ],
            "index": "pypi",
            "version": "==3.6"
        },
        "pytz": {
            "hashes": [
                "sha256:1e760e2fe6a8163bc0b3d9a19c4f84342afa0a2affebfaa84b01b978a02ecaa7",
                "sha256:e68985985296d9a66a881eb3193b0906246245294a881e7c8afe623866ac6a5c"
            ],
            "index": "pypi",
            "version": "==2022.1"
        },
        "pyyaml": {
            "hashes": [
                "sha256:06a0d7ba600ce0b2d2fe2e78453a470b5a6e000a985dd4a4e54e436cc36b0e97",
                "sha256:240097ff019d7c70a4922b6869d8a86407758333f02203e0fc6ff79c5dcede76",
                "sha256:4f4b913ca1a7319b33cfb1369e91e50354d6f07a135f3b901aca02aa95940bd2",
                "sha256:6034f55dab5fea9e53f436aa68fa3ace2634918e8b5994d82f3621c04ff5ed2e",
                "sha256:69f00dca373f240f842b2931fb2c7e14ddbacd1397d57157a9b005a6a9942648",
                "sha256:73f099454b799e05e5ab51423c7bcf361c58d3206fa7b0d555426b1f4d9a3eaf",
                "sha256:74809a57b329d6cc0fdccee6318f44b9b8649961fa73144a98735b0aaf029f1f",
                "sha256:7739fc0fa8205b3ee8808aea45e968bc90082c10aef6ea95e855e10abf4a37b2",
                "sha256:95f71d2af0ff4227885f7a6605c37fd53d3a106fcab511b8860ecca9fcf400ee",
                "sha256:ad9c67312c84def58f3c04504727ca879cb0013b2517c85a9a253f0cb6380c0a",
                "sha256:b8eac752c5e14d3eca0e6dd9199cd627518cb5ec06add0de9d32baeee6fe645d",
                "sha256:cc8955cfbfc7a115fa81d85284ee61147059a753344bc51098f3ccd69b0d7e0c",
                "sha256:d13155f591e6fcc1ec3b30685d50bf0711574e2c0dfffd7644babf8b5102ca1a"
            ],
            "index": "pypi",
            "version": "==5.3.1"
        },
        "rave-python": {
            "hashes": [
                "sha256:01d07094f36ae5904be4c12999f4e8a3ccfcfd5697ebcc78f578250249cb0101",
                "sha256:2519cdfe973b4bcc196afbe9e03a89985225161d80fc755a422becc0e7904e69"
            ],
            "index": "pypi",
            "version": "==1.2.15"
        },
        "requests": {
            "hashes": [
                "sha256:68d7c56fd5a8999887728ef304a6d12edc7be74f1cfa47714fc8b414525c9a61",
                "sha256:f22fa1e554c9ddfd16e6e41ac79759e17be9e492b3587efa038054674760e72d"
            ],
            "index": "pypi",
            "version": "==2.27.1"
        },
        "s3transfer": {
            "hashes": [
                "sha256:7a6f4c4d1fdb9a2b640244008e142cbc2cd3ae34b386584ef044dd0f27101971",
                "sha256:95c58c194ce657a5f4fb0b9e60a84968c808888aed628cd98ab8771fe1db98ed"
            ],
            "index": "pypi",
            "version": "==0.5.2"
        },
        "setuptools": {
            "hashes": [
                "sha256:4d3c92fac8f1118bb77a22181355e29c239cabfe2b9effdaa665c66b711136d7",
                "sha256:8ab4f1dbf2b4a65f7eec5ad0c620e84c34111a68d3349833494b9088212214dd"
            ],
            "markers": "python_version >= '3.7'",
            "version": "==65.7.0"
        },
        "six": {
            "hashes": [
                "sha256:1e61c37477a1626458e36f7b1d82aa5c9b094fa4802892072e49de9c60c4c926",
                "sha256:8abb2f1d86890a2dfb989f9a77cfcfd3e47c2a354b01111771326f8aa26e0254"
            ],
            "index": "pypi",
            "version": "==1.16.0"
        },
        "sqlparse": {
            "hashes": [
                "sha256:0c00730c74263a94e5a9919ade150dfc3b19c574389985446148402998287dae",
                "sha256:48719e356bb8b42991bdbb1e8b83223757b93789c00910a616a071910ca4a64d"
            ],
            "index": "pypi",
            "version": "==0.4.2"
        },
        "tablib": {
            "hashes": [
                "sha256:8cc2fa10bc37219ac5e76850eb7fbd50de313c7a1a7895c44af2a8dd206b7be7",
                "sha256:c5a77c96ad306d5b380def1309d521ad5e98b4f83726f84857ad87e142d13279"
            ],
            "index": "pypi",
            "version": "==2.0.0"
        },
        "tzdata": {
            "hashes": [
                "sha256:238e70234214138ed7b4e8a0fab0e5e13872edab3be586ab8198c407620e2ab9",
                "sha256:8b536a8ec63dc0751342b3984193a3118f8fca2afe25752bb9b7fffd398552d3"
            ],
            "index": "pypi",
            "version": "==2022.1"
        },
        "urllib3": {
            "hashes": [
                "sha256:44ece4d53fb1706f667c9bd1c648f5469a2ec925fcf3a776667042d645472c14",
                "sha256:aabaf16477806a5e1dd19aa41f8c2b7950dd3c746362d7e3223dbe6de6ac448e"
            ],
            "index": "pypi",
            "version": "==1.26.9"
        },
        "webencodings": {
            "hashes": [
                "sha256:a0af1213f3c2226497a97e2b3aa01a7e4bee4f403f95be16fc9acd2947514a78",
                "sha256:b36a1c245f2d304965eb4e0a82848379241dc04b865afcc4aab16748587e1923"
            ],
            "index": "pypi",
            "version": "==0.5.1"
        },
        "xlrd": {
            "hashes": [
                "sha256:546eb36cee8db40c3eaa46c351e67ffee6eeb5fa2650b71bc4c758a29a1b29b2",
                "sha256:e551fb498759fa3a5384a94ccd4c3c02eb7c00ea424426e212ac0c57be9dfbde"
            ],
            "index": "pypi",
            "version": "==1.2.0"
        },
        "xlwt": {
            "hashes": [
                "sha256:a082260524678ba48a297d922cc385f58278b8aa68741596a87de01a9c628b2e",
                "sha256:c59912717a9b28f1a3c2a98fd60741014b06b043936dcecbc113eaaada156c88"
            ],
            "index": "pypi",
            "version": "==1.3.0"
        }
    },
    "develop": {}
}
